#MicroXplorer Configuration settings - do not modify
File.Version=6
KeepUserPlacement=false
Mcu.Family=STM32L0
Mcu.IP0=NVIC
Mcu.IP1=RCC
Mcu.IP2=RTC
Mcu.IP3=SYS
Mcu.IP4=TIM2
Mcu.IP5=TIM21
Mcu.IPNb=6
Mcu.Name=STM32L011F(3-4)Ux
Mcu.Package=UFQFPN20
Mcu.Pin0=PA0-CK_IN
Mcu.Pin1=PA1
Mcu.Pin2=PA4
Mcu.Pin3=PA9
Mcu.Pin4=PA10
Mcu.Pin5=VP_RTC_VS_RTC_Activate
Mcu.Pin6=VP_RTC_VS_RTC_WakeUp_intern
Mcu.Pin7=VP_SYS_VS_Systick
Mcu.Pin8=VP_TIM2_VS_OPM
Mcu.Pin9=VP_TIM21_VS_OPM
Mcu.PinsNb=10
Mcu.ThirdPartyNb=0
Mcu.UserConstants=
Mcu.UserName=STM32L011F4Ux
MxCube.Version=5.4.0
MxDb.Version=DB.5.0.40
NVIC.EXTI4_15_IRQn=true\:0\:0\:false\:false\:true\:true\:true
NVIC.ForceEnableDMAVector=true
NVIC.HardFault_IRQn=true\:0\:0\:false\:false\:true\:false\:false
NVIC.NonMaskableInt_IRQn=true\:0\:0\:false\:false\:true\:false\:false
NVIC.PendSV_IRQn=true\:0\:0\:false\:false\:true\:false\:false
NVIC.RTC_IRQn=true\:0\:0\:false\:false\:true\:true\:true
NVIC.SVC_IRQn=true\:0\:0\:false\:false\:true\:false\:false
NVIC.SysTick_IRQn=true\:0\:0\:false\:false\:true\:false\:true
PA0-CK_IN.GPIOParameters=GPIO_Speed,GPIO_Label
PA0-CK_IN.GPIO_Label=MOS1
PA0-CK_IN.GPIO_Speed=GPIO_SPEED_FREQ_VERY_HIGH
PA0-CK_IN.Locked=true
PA0-CK_IN.Signal=S_TIM2_CH1
PA1.GPIOParameters=GPIO_Speed,GPIO_Label
PA1.GPIO_Label=MOS2
PA1.GPIO_Speed=GPIO_SPEED_FREQ_VERY_HIGH
PA1.Signal=S_TIM2_CH2
PA10.GPIOParameters=GPIO_Speed,GPIO_Label
PA10.GPIO_Label=MOS3
PA10.GPIO_Speed=GPIO_SPEED_FREQ_VERY_HIGH
PA10.Locked=true
PA10.Signal=S_TIM21_CH1
PA4.GPIOParameters=GPIO_Label,GPIO_ModeDefaultEXTI
PA4.GPIO_Label=BTN
PA4.GPIO_ModeDefaultEXTI=GPIO_MODE_IT_RISING
PA4.Locked=true
PA4.Signal=GPXTI4
PA9.GPIOParameters=GPIO_Speed,GPIO_Label
PA9.GPIO_Label=MOS4
PA9.GPIO_Speed=GPIO_SPEED_FREQ_VERY_HIGH
PA9.Locked=true
PA9.Signal=S_TIM21_CH2
PCC.Battery=Li-MnO2(CR2430)
PCC.Battery.Capacity=285.0
PCC.Battery.Compatibility=Yes
PCC.Battery.InParallel=1
PCC.Battery.InSeries=1
PCC.Battery.MaxContinuous=4.0
PCC.Battery.MaxPulseCurrent=20.0
PCC.Battery.NominalVoltage=3.0
PCC.Battery.SelfDischarge=0.12
PCC.Checker=true
PCC.Line=STM32L0x1
PCC.MCU=STM32L011F(3-4)Ux
PCC.PartNumber=STM32L011F4Ux
PCC.Seq0=2
PCC.Seq0.Step0.Average_Current=1.29 mA
PCC.Seq0.Step0.CPU_Frequency=2 MHz
PCC.Seq0.Step0.Category=Measurements
PCC.Seq0.Step0.DMIPS=1.9
PCC.Seq0.Step0.Duration=100 \u00B5s
PCC.Seq0.Step0.Frequency=2 MHz
PCC.Seq0.Step0.Memory=FLASH
PCC.Seq0.Step0.Mode=RUN
PCC.Seq0.Step0.Oscillator=HSE BYP Flash-ON
PCC.Seq0.Step0.Peripherals=GPIOA RTC TIM2 TIM21
PCC.Seq0.Step0.TaMax=104.61
PCC.Seq0.Step0.User's_Consumption=1 mA
PCC.Seq0.Step0.Vcore=Range3-Low
PCC.Seq0.Step0.Vdd=3.0
PCC.Seq0.Step0.Voltage_Source=Battery
PCC.Seq0.Step1.Average_Current=1.12 \u00B5A
PCC.Seq0.Step1.CPU_Frequency=0 Hz
PCC.Seq0.Step1.Category=Measurements
PCC.Seq0.Step1.DMIPS=0.0
PCC.Seq0.Step1.Duration=5 ms
PCC.Seq0.Step1.Frequency=38 kHz
PCC.Seq0.Step1.Memory=FLASH
PCC.Seq0.Step1.Mode=STOP
PCC.Seq0.Step1.Oscillator=LSI RTC
PCC.Seq0.Step1.Peripherals=
PCC.Seq0.Step1.TaMax=105
PCC.Seq0.Step1.User's_Consumption=0 mA
PCC.Seq0.Step1.Vcore=NoRange
PCC.Seq0.Step1.Vdd=3.0
PCC.Seq0.Step1.Voltage_Source=Battery
PCC.Series=STM32L0
PCC.Temperature=25
PCC.Vdd=3.0
PinOutPanel.RotationAngle=0
ProjectManager.AskForMigrate=true
ProjectManager.BackupPrevious=false
ProjectManager.CompilerOptimize=6
ProjectManager.ComputerToolchain=false
ProjectManager.CoupleFile=false
ProjectManager.CustomerFirmwarePackage=
ProjectManager.DefaultFWLocation=true
ProjectManager.DeletePrevious=true
ProjectManager.DeviceId=STM32L011F4Ux
ProjectManager.FirmwarePackage=STM32Cube FW_L0 V1.11.2
ProjectManager.FreePins=false
ProjectManager.HalAssertFull=false
ProjectManager.HeapSize=0x200
ProjectManager.KeepUserCode=true
ProjectManager.LastFirmware=true
ProjectManager.LibraryCopy=1
ProjectManager.MainLocation=Core/Src
ProjectManager.NoMain=false
ProjectManager.PreviousToolchain=
ProjectManager.ProjectBuild=false
ProjectManager.ProjectFileName=upowerxmas.ioc
ProjectManager.ProjectName=upowerxmas
ProjectManager.StackSize=0x400
ProjectManager.TargetToolchain=STM32CubeIDE
ProjectManager.ToolChainLocation=
ProjectManager.UnderRoot=true
ProjectManager.functionlistsort=1-SystemClock_Config-RCC-false-HAL-false,1-MX_GPIO_Init-GPIO-false-HAL-true,3-MX_RTC_Init-RTC-false-HAL-true,4-MX_TIM2_Init-TIM2-false-HAL-true,5-MX_TIM21_Init-TIM21-false-HAL-true
RCC.AHBFreq_Value=4194000
RCC.APB1Freq_Value=4194000
RCC.APB1TimFreq_Value=4194000
RCC.APB2Freq_Value=4194000
RCC.APB2TimFreq_Value=4194000
RCC.FCLKCortexFreq_Value=4194000
RCC.FamilyName=M
RCC.HCLKFreq_Value=4194000
RCC.HSE_VALUE=8000000
RCC.HSI16_VALUE=16000000
RCC.HSI_VALUE=16000000
RCC.I2C1Freq_Value=4194000
RCC.IPParameters=AHBFreq_Value,APB1Freq_Value,APB1TimFreq_Value,APB2Freq_Value,APB2TimFreq_Value,FCLKCortexFreq_Value,FamilyName,HCLKFreq_Value,HSE_VALUE,HSI16_VALUE,HSI_VALUE,I2C1Freq_Value,LPTIMFreq_Value,LPUARTFreq_Value,LSE_VALUE,LSI_VALUE,MCOPinFreq_Value,MSIClockRange,MSI_VALUE,PLLCLKFreq_Value,PREFETCH_ENABLE,PWRFreq_Value,PWR_Regulator_Voltage_Scale,RTCFreq_Value,RTCHSEDivFreq_Value,SYSCLKFreq_VALUE,TIMFreq_Value,TimerFreq_Value,USART2Freq_Value,VCOOutputFreq_Value,VDD_VALUE,WatchDogFreq_Value
RCC.LPTIMFreq_Value=4194000
RCC.LPUARTFreq_Value=4194000
RCC.LSE_VALUE=32768
RCC.LSI_VALUE=37000
RCC.MCOPinFreq_Value=4194000
RCC.MSIClockRange=RCC_MSIRANGE_6
RCC.MSI_VALUE=4194000
RCC.PLLCLKFreq_Value=24000000
RCC.PREFETCH_ENABLE=0
RCC.PWRFreq_Value=4194000
RCC.PWR_Regulator_Voltage_Scale=PWR_REGULATOR_VOLTAGE_SCALE2
RCC.RTCFreq_Value=37000
RCC.RTCHSEDivFreq_Value=4000000
RCC.SYSCLKFreq_VALUE=4194000
RCC.TIMFreq_Value=4194000
RCC.TimerFreq_Value=4194000
RCC.USART2Freq_Value=4194000
RCC.VCOOutputFreq_Value=48000000
RCC.VDD_VALUE=2.5
RCC.WatchDogFreq_Value=37000
RTC.IPParameters=WakeUpClock,WakeUpCounter
RTC.WakeUpClock=RTC_WAKEUPCLOCK_RTCCLK_DIV2
RTC.WakeUpCounter=328
SH.GPXTI4.0=GPIO_EXTI4
SH.GPXTI4.ConfNb=1
SH.S_TIM21_CH1.0=TIM21_CH1,PWM Generation1 CH1
SH.S_TIM21_CH1.ConfNb=1
SH.S_TIM21_CH2.0=TIM21_CH2,PWM Generation2 CH2
SH.S_TIM21_CH2.ConfNb=1
SH.S_TIM2_CH1.0=TIM2_CH1,PWM Generation1 CH1
SH.S_TIM2_CH1.ConfNb=1
SH.S_TIM2_CH2.0=TIM2_CH2,PWM Generation2 CH2
SH.S_TIM2_CH2.ConfNb=1
TIM2.AutoReloadPreload=TIM_AUTORELOAD_PRELOAD_DISABLE
TIM2.Channel-PWM\ Generation1\ CH1=TIM_CHANNEL_1
TIM2.Channel-PWM\ Generation2\ CH2=TIM_CHANNEL_2
TIM2.IPParameters=Channel-PWM Generation1 CH1,Prescaler,OCMode_PWM-PWM Generation1 CH1,Pulse-PWM Generation1 CH1,OC1Preload_PWM,OCFastMode_PWM-PWM Generation1 CH1,AutoReloadPreload,Period,Channel-PWM Generation2 CH2,Pulse-PWM Generation2 CH2,OCFastMode_PWM-PWM Generation2 CH2,OCMode_PWM-PWM Generation2 CH2
TIM2.OC1Preload_PWM=ENABLE
TIM2.OCFastMode_PWM-PWM\ Generation1\ CH1=TIM_OCFAST_ENABLE
TIM2.OCFastMode_PWM-PWM\ Generation2\ CH2=TIM_OCFAST_ENABLE
TIM2.OCMode_PWM-PWM\ Generation1\ CH1=TIM_OCMODE_PWM2
TIM2.OCMode_PWM-PWM\ Generation2\ CH2=TIM_OCMODE_PWM2
TIM2.Period=2
TIM2.Prescaler=0
TIM2.Pulse-PWM\ Generation1\ CH1=1
TIM2.Pulse-PWM\ Generation2\ CH2=1
TIM21.Channel-PWM\ Generation1\ CH1=TIM_CHANNEL_1
TIM21.Channel-PWM\ Generation2\ CH2=TIM_CHANNEL_2
TIM21.IPParameters=Channel-PWM Generation1 CH1,OCMode_PWM-PWM Generation1 CH1,Period,OC1Preload_PWM,Pulse-PWM Generation1 CH1,OCFastMode_PWM-PWM Generation1 CH1,Channel-PWM Generation2 CH2,OCFastMode_PWM-PWM Generation2 CH2,OCMode_PWM-PWM Generation2 CH2,Pulse-PWM Generation2 CH2
TIM21.OC1Preload_PWM=ENABLE
TIM21.OCFastMode_PWM-PWM\ Generation1\ CH1=TIM_OCFAST_ENABLE
TIM21.OCFastMode_PWM-PWM\ Generation2\ CH2=TIM_OCFAST_ENABLE
TIM21.OCMode_PWM-PWM\ Generation1\ CH1=TIM_OCMODE_PWM2
TIM21.OCMode_PWM-PWM\ Generation2\ CH2=TIM_OCMODE_PWM2
TIM21.Period=2
TIM21.Pulse-PWM\ Generation1\ CH1=1
TIM21.Pulse-PWM\ Generation2\ CH2=1
VP_RTC_VS_RTC_Activate.Mode=RTC_Enabled
VP_RTC_VS_RTC_Activate.Signal=RTC_VS_RTC_Activate
VP_RTC_VS_RTC_WakeUp_intern.Mode=WakeUp
VP_RTC_VS_RTC_WakeUp_intern.Signal=RTC_VS_RTC_WakeUp_intern
VP_SYS_VS_Systick.Mode=SysTick
VP_SYS_VS_Systick.Signal=SYS_VS_Systick
VP_TIM21_VS_OPM.Mode=OPM_bit
VP_TIM21_VS_OPM.Signal=TIM21_VS_OPM
VP_TIM2_VS_OPM.Mode=OPM_bit
VP_TIM2_VS_OPM.Signal=TIM2_VS_OPM
board=custom
isbadioc=false
